
Microsoft Visual Studio Solution File, Format Version 12.00
# Visual Studio Version 17
VisualStudioVersion = 17.0.32014.148
MinimumVisualStudioVersion = 10.0.40219.1
Project("{FAE04EC0-301F-11D3-BF4B-00C04F79EFBC}") = "movies", "movies\movies.csproj", "{D5F8890B-1B0F-4BFB-9BE5-91CF052C20EE}"
EndProject
Project("{FAE04EC0-301F-11D3-BF4B-00C04F79EFBC}") = "ValidatorTesting", "ValidatorTesting\ValidatorTesting.csproj", "{C9BE12CF-7351-40AB-9C78-C56D63E158EB}"
EndProject
Global
	GlobalSection(SolutionConfigurationPlatforms) = preSolution
		Debug|Any CPU = Debug|Any CPU
		Release|Any CPU = Release|Any CPU
	EndGlobalSection
	GlobalSection(ProjectConfigurationPlatforms) = postSolution
		{D5F8890B-1B0F-4BFB-9BE5-91CF052C20EE}.Debug|Any CPU.ActiveCfg = Debug|Any CPU
		{D5F8890B-1B0F-4BFB-9BE5-91CF052C20EE}.Debug|Any CPU.Build.0 = Debug|Any CPU
		{D5F8890B-1B0F-4BFB-9BE5-91CF052C20EE}.Release|Any CPU.ActiveCfg = Release|Any CPU
		{D5F8890B-1B0F-4BFB-9BE5-91CF052C20EE}.Release|Any CPU.Build.0 = Release|Any CPU
		{C9BE12CF-7351-40AB-9C78-C56D63E158EB}.Debug|Any CPU.ActiveCfg = Debug|Any CPU
		{C9BE12CF-7351-40AB-9C78-C56D63E158EB}.Debug|Any CPU.Build.0 = Debug|Any CPU
		{C9BE12CF-7351-40AB-9C78-C56D63E158EB}.Release|Any CPU.ActiveCfg = Release|Any CPU
		{C9BE12CF-7351-40AB-9C78-C56D63E158EB}.Release|Any CPU.Build.0 = Release|Any CPU
	EndGlobalSection
	GlobalSection(SolutionProperties) = preSolution
		HideSolutionNode = FALSE
	EndGlobalSection
	GlobalSection(ExtensibilityGlobals) = postSolution
		SolutionGuid = {1C322EDC-C29A-41B4-9E5D-901217964D46}
	EndGlobalSection
EndGlobal
